
Microsoft Visual Studio Solution File, Format Version 12.00
# Visual Studio 15
VisualStudioVersion = 15.0.26730.15
MinimumVisualStudioVersion = 10.0.40219.1
Project("{FAE04EC0-301F-11D3-BF4B-00C04F79EFBC}") = "EyesOfTheDragon", "EyesOfTheDragon\EyesOfTheDragon.csproj", "{174DCC09-E8C0-4562-9A18-C7C1A2B4CB45}"
EndProject
Project("{FAE04EC0-301F-11D3-BF4B-00C04F79EFBC}") = "RpgLibrary", "RpgLibrary\RpgLibrary.csproj", "{7CAAB6E1-C91F-4426-A41D-4B008A8B4D81}"
EndProject
Project("{FAE04EC0-301F-11D3-BF4B-00C04F79EFBC}") = "XRpgLibrary", "XRpgLibrary\XRpgLibrary.csproj", "{90A62806-4E88-4656-A227-123A6D7ED7F3}"
EndProject
Global
	GlobalSection(SolutionConfigurationPlatforms) = preSolution
		Debug|Any CPU = Debug|Any CPU
		Debug|x86 = Debug|x86
		Release|Any CPU = Release|Any CPU
		Release|x86 = Release|x86
	EndGlobalSection
	GlobalSection(ProjectConfigurationPlatforms) = postSolution
		{174DCC09-E8C0-4562-9A18-C7C1A2B4CB45}.Debug|Any CPU.ActiveCfg = Debug|x86
		{174DCC09-E8C0-4562-9A18-C7C1A2B4CB45}.Debug|x86.ActiveCfg = Debug|x86
		{174DCC09-E8C0-4562-9A18-C7C1A2B4CB45}.Debug|x86.Build.0 = Debug|x86
		{174DCC09-E8C0-4562-9A18-C7C1A2B4CB45}.Release|Any CPU.ActiveCfg = Release|x86
		{174DCC09-E8C0-4562-9A18-C7C1A2B4CB45}.Release|x86.ActiveCfg = Release|x86
		{174DCC09-E8C0-4562-9A18-C7C1A2B4CB45}.Release|x86.Build.0 = Release|x86
		{7CAAB6E1-C91F-4426-A41D-4B008A8B4D81}.Debug|Any CPU.ActiveCfg = Debug|Any CPU
		{7CAAB6E1-C91F-4426-A41D-4B008A8B4D81}.Debug|Any CPU.Build.0 = Debug|Any CPU
		{7CAAB6E1-C91F-4426-A41D-4B008A8B4D81}.Debug|x86.ActiveCfg = Debug|Any CPU
		{7CAAB6E1-C91F-4426-A41D-4B008A8B4D81}.Debug|x86.Build.0 = Debug|Any CPU
		{7CAAB6E1-C91F-4426-A41D-4B008A8B4D81}.Release|Any CPU.ActiveCfg = Release|Any CPU
		{7CAAB6E1-C91F-4426-A41D-4B008A8B4D81}.Release|Any CPU.Build.0 = Release|Any CPU
		{7CAAB6E1-C91F-4426-A41D-4B008A8B4D81}.Release|x86.ActiveCfg = Release|Any CPU
		{7CAAB6E1-C91F-4426-A41D-4B008A8B4D81}.Release|x86.Build.0 = Release|Any CPU
		{90A62806-4E88-4656-A227-123A6D7ED7F3}.Debug|Any CPU.ActiveCfg = Debug|Any CPU
		{90A62806-4E88-4656-A227-123A6D7ED7F3}.Debug|Any CPU.Build.0 = Debug|Any CPU
		{90A62806-4E88-4656-A227-123A6D7ED7F3}.Debug|x86.ActiveCfg = Debug|Any CPU
		{90A62806-4E88-4656-A227-123A6D7ED7F3}.Debug|x86.Build.0 = Debug|Any CPU
		{90A62806-4E88-4656-A227-123A6D7ED7F3}.Release|Any CPU.ActiveCfg = Release|Any CPU
		{90A62806-4E88-4656-A227-123A6D7ED7F3}.Release|Any CPU.Build.0 = Release|Any CPU
		{90A62806-4E88-4656-A227-123A6D7ED7F3}.Release|x86.ActiveCfg = Release|Any CPU
		{90A62806-4E88-4656-A227-123A6D7ED7F3}.Release|x86.Build.0 = Release|Any CPU
	EndGlobalSection
	GlobalSection(SolutionProperties) = preSolution
		HideSolutionNode = FALSE
	EndGlobalSection
	GlobalSection(ExtensibilityGlobals) = postSolution
		SolutionGuid = {E39FF90D-B12D-4E3B-BCF9-2B53D7BD866C}
	EndGlobalSection
EndGlobal
